
Microsoft Visual Studio Solution File, Format Version 12.00
# Visual Studio Version 17
VisualStudioVersion = 17.5.002.0
MinimumVisualStudioVersion = 10.0.40219.1
Project("{9A19103F-16F7-4668-BE54-9A1E7A4F7556}") = "API", "API.csproj", "{48565281-19FD-4F34-B439-D74C1FCA515E}"
EndProject
Global
	GlobalSection(SolutionConfigurationPlatforms) = preSolution
		Debug|Any CPU = Debug|Any CPU
		Release|Any CPU = Release|Any CPU
	EndGlobalSection
	GlobalSection(ProjectConfigurationPlatforms) = postSolution
		{48565281-19FD-4F34-B439-D74C1FCA515E}.Debug|Any CPU.ActiveCfg = Debug|Any CPU
		{48565281-19FD-4F34-B439-D74C1FCA515E}.Debug|Any CPU.Build.0 = Debug|Any CPU
		{48565281-19FD-4F34-B439-D74C1FCA515E}.Release|Any CPU.ActiveCfg = Release|Any CPU
		{48565281-19FD-4F34-B439-D74C1FCA515E}.Release|Any CPU.Build.0 = Release|Any CPU
	EndGlobalSection
	GlobalSection(SolutionProperties) = preSolution
		HideSolutionNode = FALSE
	EndGlobalSection
	GlobalSection(ExtensibilityGlobals) = postSolution
		SolutionGuid = {B57A4ABA-2977-4D40-A113-C41C8A5CD859}
	EndGlobalSection
EndGlobal
